
Microsoft Visual Studio Solution File, Format Version 12.00
# Visual Studio Version 16
VisualStudioVersion = 16.0.31727.386
MinimumVisualStudioVersion = 10.0.40219.1
Project("{FAE04EC0-301F-11D3-BF4B-00C04F79EFBC}") = "ConsoleMyBankApp", "ConsoleMyBankApp\ConsoleMyBankApp.csproj", "{61ED26EF-9C5A-43F3-8547-D3F3E8F71C81}"
EndProject
Global
	GlobalSection(SolutionConfigurationPlatforms) = preSolution
		Debug|Any CPU = Debug|Any CPU
		Release|Any CPU = Release|Any CPU
	EndGlobalSection
	GlobalSection(ProjectConfigurationPlatforms) = postSolution
		{61ED26EF-9C5A-43F3-8547-D3F3E8F71C81}.Debug|Any CPU.ActiveCfg = Debug|Any CPU
		{61ED26EF-9C5A-43F3-8547-D3F3E8F71C81}.Debug|Any CPU.Build.0 = Debug|Any CPU
		{61ED26EF-9C5A-43F3-8547-D3F3E8F71C81}.Release|Any CPU.ActiveCfg = Release|Any CPU
		{61ED26EF-9C5A-43F3-8547-D3F3E8F71C81}.Release|Any CPU.Build.0 = Release|Any CPU
	EndGlobalSection
	GlobalSection(SolutionProperties) = preSolution
		HideSolutionNode = FALSE
	EndGlobalSection
	GlobalSection(ExtensibilityGlobals) = postSolution
		SolutionGuid = {F6E8CAEA-C7DB-46F2-AD02-A58A6BEDE2C2}
	EndGlobalSection
EndGlobal
